Microsoft Visual Studio Solution File, Format Version 12.00
# Visual Studio 15
VisualStudioVersion = 15.0.28307.1209
MinimumVisualStudioVersion = 10.0.40219.1
Project("{9A19103F-16F7-4668-BE54-9A1E7A4F7556}") = "disco-translator-2", "disco-translator-2\disco-translator-2.csproj", "{51FCEF67-EE8E-4F29-BE16-C0B28F15C899}"
EndProject
Global
	GlobalSection(SolutionConfigurationPlatforms) = preSolution
		Debug|Any CPU = Debug|Any CPU
		Release|Any CPU = Release|Any CPU
	EndGlobalSection
	GlobalSection(ProjectConfigurationPlatforms) = postSolution
		{51FCEF67-EE8E-4F29-BE16-C0B28F15C899}.Debug|Any CPU.ActiveCfg = Debug|Any CPU
		{51FCEF67-EE8E-4F29-BE16-C0B28F15C899}.Debug|Any CPU.Build.0 = Debug|Any CPU
		{51FCEF67-EE8E-4F29-BE16-C0B28F15C899}.Release|Any CPU.ActiveCfg = Release|Any CPU
		{51FCEF67-EE8E-4F29-BE16-C0B28F15C899}.Release|Any CPU.Build.0 = Release|Any CPU
	EndGlobalSection
	GlobalSection(SolutionProperties) = preSolution
		HideSolutionNode = FALSE
	EndGlobalSection
	GlobalSection(ExtensibilityGlobals) = postSolution
		SolutionGuid = {BF0135A8-E6AE-4C2D-A55C-2986CF05F9BD}
	EndGlobalSection
EndGlobal
